
Microsoft Visual Studio Solution File, Format Version 12.00
# Visual Studio 2012
Project("{6141683F-8A12-4E36-9623-2EB02B2C2303}") = "Tic Tac Toe", "Tic Tac Toe\Tic Tac Toe.isproj", "{5D7B8DE9-D58C-4908-A144-8D0C579FB79C}"
EndProject
Global
	GlobalSection(SolutionConfigurationPlatforms) = preSolution
		CD_ROM|Default = CD_ROM|Default
		DVD-5|Default = DVD-5|Default
		SingleImage|Default = SingleImage|Default
	EndGlobalSection
	GlobalSection(ProjectConfigurationPlatforms) = postSolution
		{5D7B8DE9-D58C-4908-A144-8D0C579FB79C}.CD_ROM|Default.ActiveCfg = CD_ROM
		{5D7B8DE9-D58C-4908-A144-8D0C579FB79C}.CD_ROM|Default.Build.0 = CD_ROM
		{5D7B8DE9-D58C-4908-A144-8D0C579FB79C}.DVD-5|Default.ActiveCfg = DVD-5
		{5D7B8DE9-D58C-4908-A144-8D0C579FB79C}.DVD-5|Default.Build.0 = DVD-5
		{5D7B8DE9-D58C-4908-A144-8D0C579FB79C}.SingleImage|Default.ActiveCfg = SingleImage
		{5D7B8DE9-D58C-4908-A144-8D0C579FB79C}.SingleImage|Default.Build.0 = SingleImage
	EndGlobalSection
	GlobalSection(SolutionProperties) = preSolution
		HideSolutionNode = FALSE
	EndGlobalSection
EndGlobal
