
Microsoft Visual Studio Solution File, Format Version 12.00
# Visual Studio 2012
Project("{FAE04EC0-301F-11D3-BF4B-00C04F79EFBC}") = "TIC TAC TOE", "TIC TAC TOE\TIC TAC TOE.csproj", "{6F4FBB53-4B72-49F8-ABBC-3186DBC847C4}"
EndProject
Project("{6141683F-8A12-4E36-9623-2EB02B2C2303}") = "Tic Tac Toe-setup", "Tic Tac Toe-setup\Tic Tac Toe-setup.isproj", "{36DA43B9-2CBE-44DD-844C-BA02DB5A70F5}"
	ProjectSection(ProjectDependencies) = postProject
		{6F4FBB53-4B72-49F8-ABBC-3186DBC847C4} = {6F4FBB53-4B72-49F8-ABBC-3186DBC847C4}
	EndProjectSection
EndProject
Project("{6141683F-8A12-4E36-9623-2EB02B2C2303}") = "Tic Tac Toe-simple", "Tic Tac Toe-simple\Tic Tac Toe-simple.isproj", "{E4D54FC3-6234-476B-8688-0920012F280C}"
	ProjectSection(ProjectDependencies) = postProject
		{6F4FBB53-4B72-49F8-ABBC-3186DBC847C4} = {6F4FBB53-4B72-49F8-ABBC-3186DBC847C4}
	EndProjectSection
EndProject
Project("{6141683F-8A12-4E36-9623-2EB02B2C2303}") = "Tic Tac Tomorrow", "Tic Tac Tomorrow\Tic Tac Tomorrow.isproj", "{1A33B2AB-1EB0-4769-8614-86D5FA4BB20E}"
	ProjectSection(ProjectDependencies) = postProject
		{6F4FBB53-4B72-49F8-ABBC-3186DBC847C4} = {6F4FBB53-4B72-49F8-ABBC-3186DBC847C4}
	EndProjectSection
EndProject
Global
	GlobalSection(SolutionConfigurationPlatforms) = preSolution
		CD_ROM|Any CPU = CD_ROM|Any CPU
		Debug|Any CPU = Debug|Any CPU
		DVD-5|Any CPU = DVD-5|Any CPU
		Release|Any CPU = Release|Any CPU
		SingleImage|Any CPU = SingleImage|Any CPU
	EndGlobalSection
	GlobalSection(ProjectConfigurationPlatforms) = postSolution
		{6F4FBB53-4B72-49F8-ABBC-3186DBC847C4}.CD_ROM|Any CPU.ActiveCfg = Release|Any CPU
		{6F4FBB53-4B72-49F8-ABBC-3186DBC847C4}.CD_ROM|Any CPU.Build.0 = Release|Any CPU
		{6F4FBB53-4B72-49F8-ABBC-3186DBC847C4}.Debug|Any CPU.ActiveCfg = Debug|Any CPU
		{6F4FBB53-4B72-49F8-ABBC-3186DBC847C4}.Debug|Any CPU.Build.0 = Debug|Any CPU
		{6F4FBB53-4B72-49F8-ABBC-3186DBC847C4}.DVD-5|Any CPU.ActiveCfg = Debug|Any CPU
		{6F4FBB53-4B72-49F8-ABBC-3186DBC847C4}.DVD-5|Any CPU.Build.0 = Debug|Any CPU
		{6F4FBB53-4B72-49F8-ABBC-3186DBC847C4}.Release|Any CPU.ActiveCfg = Release|Any CPU
		{6F4FBB53-4B72-49F8-ABBC-3186DBC847C4}.Release|Any CPU.Build.0 = Release|Any CPU
		{6F4FBB53-4B72-49F8-ABBC-3186DBC847C4}.SingleImage|Any CPU.ActiveCfg = Release|Any CPU
		{6F4FBB53-4B72-49F8-ABBC-3186DBC847C4}.SingleImage|Any CPU.Build.0 = Release|Any CPU
		{36DA43B9-2CBE-44DD-844C-BA02DB5A70F5}.CD_ROM|Any CPU.ActiveCfg = CD_ROM
		{36DA43B9-2CBE-44DD-844C-BA02DB5A70F5}.CD_ROM|Any CPU.Build.0 = CD_ROM
		{36DA43B9-2CBE-44DD-844C-BA02DB5A70F5}.Debug|Any CPU.ActiveCfg = DVD-5
		{36DA43B9-2CBE-44DD-844C-BA02DB5A70F5}.Debug|Any CPU.Build.0 = DVD-5
		{36DA43B9-2CBE-44DD-844C-BA02DB5A70F5}.DVD-5|Any CPU.ActiveCfg = DVD-5
		{36DA43B9-2CBE-44DD-844C-BA02DB5A70F5}.DVD-5|Any CPU.Build.0 = DVD-5
		{36DA43B9-2CBE-44DD-844C-BA02DB5A70F5}.Release|Any CPU.ActiveCfg = SingleImage
		{36DA43B9-2CBE-44DD-844C-BA02DB5A70F5}.Release|Any CPU.Build.0 = SingleImage
		{36DA43B9-2CBE-44DD-844C-BA02DB5A70F5}.SingleImage|Any CPU.ActiveCfg = SingleImage
		{36DA43B9-2CBE-44DD-844C-BA02DB5A70F5}.SingleImage|Any CPU.Build.0 = SingleImage
		{E4D54FC3-6234-476B-8688-0920012F280C}.CD_ROM|Any CPU.ActiveCfg = CD_ROM
		{E4D54FC3-6234-476B-8688-0920012F280C}.CD_ROM|Any CPU.Build.0 = CD_ROM
		{E4D54FC3-6234-476B-8688-0920012F280C}.Debug|Any CPU.ActiveCfg = DVD-5
		{E4D54FC3-6234-476B-8688-0920012F280C}.Debug|Any CPU.Build.0 = DVD-5
		{E4D54FC3-6234-476B-8688-0920012F280C}.DVD-5|Any CPU.ActiveCfg = DVD-5
		{E4D54FC3-6234-476B-8688-0920012F280C}.DVD-5|Any CPU.Build.0 = DVD-5
		{E4D54FC3-6234-476B-8688-0920012F280C}.Release|Any CPU.ActiveCfg = SingleImage
		{E4D54FC3-6234-476B-8688-0920012F280C}.Release|Any CPU.Build.0 = SingleImage
		{E4D54FC3-6234-476B-8688-0920012F280C}.SingleImage|Any CPU.ActiveCfg = SingleImage
		{E4D54FC3-6234-476B-8688-0920012F280C}.SingleImage|Any CPU.Build.0 = SingleImage
		{1A33B2AB-1EB0-4769-8614-86D5FA4BB20E}.CD_ROM|Any CPU.ActiveCfg = CD_ROM
		{1A33B2AB-1EB0-4769-8614-86D5FA4BB20E}.CD_ROM|Any CPU.Build.0 = CD_ROM
		{1A33B2AB-1EB0-4769-8614-86D5FA4BB20E}.Debug|Any CPU.ActiveCfg = DVD-5
		{1A33B2AB-1EB0-4769-8614-86D5FA4BB20E}.Debug|Any CPU.Build.0 = DVD-5
		{1A33B2AB-1EB0-4769-8614-86D5FA4BB20E}.DVD-5|Any CPU.ActiveCfg = DVD-5
		{1A33B2AB-1EB0-4769-8614-86D5FA4BB20E}.DVD-5|Any CPU.Build.0 = DVD-5
		{1A33B2AB-1EB0-4769-8614-86D5FA4BB20E}.Release|Any CPU.ActiveCfg = SingleImage
		{1A33B2AB-1EB0-4769-8614-86D5FA4BB20E}.Release|Any CPU.Build.0 = SingleImage
		{1A33B2AB-1EB0-4769-8614-86D5FA4BB20E}.SingleImage|Any CPU.ActiveCfg = SingleImage
		{1A33B2AB-1EB0-4769-8614-86D5FA4BB20E}.SingleImage|Any CPU.Build.0 = SingleImage
	EndGlobalSection
	GlobalSection(SolutionProperties) = preSolution
		HideSolutionNode = FALSE
	EndGlobalSection
EndGlobal
